
Microsoft Visual Studio Solution File, Format Version 12.00
# Visual Studio Version 17
VisualStudioVersion = 17.3.32922.545
MinimumVisualStudioVersion = 10.0.40219.1
Project("{FAE04EC0-301F-11D3-BF4B-00C04F79EFBC}") = "Final_Project_Lesson_OOP", "Final_Project_Lesson_OOP\Final_Project_Lesson_OOP.csproj", "{A6B6F429-97A5-439F-86F5-026ABD91E8AD}"
EndProject
Global
	GlobalSection(SolutionConfigurationPlatforms) = preSolution
		Debug|Any CPU = Debug|Any CPU
		Release|Any CPU = Release|Any CPU
	EndGlobalSection
	GlobalSection(ProjectConfigurationPlatforms) = postSolution
		{A6B6F429-97A5-439F-86F5-026ABD91E8AD}.Debug|Any CPU.ActiveCfg = Debug|Any CPU
		{A6B6F429-97A5-439F-86F5-026ABD91E8AD}.Debug|Any CPU.Build.0 = Debug|Any CPU
		{A6B6F429-97A5-439F-86F5-026ABD91E8AD}.Release|Any CPU.ActiveCfg = Release|Any CPU
		{A6B6F429-97A5-439F-86F5-026ABD91E8AD}.Release|Any CPU.Build.0 = Release|Any CPU
	EndGlobalSection
	GlobalSection(SolutionProperties) = preSolution
		HideSolutionNode = FALSE
	EndGlobalSection
	GlobalSection(ExtensibilityGlobals) = postSolution
		SolutionGuid = {273CD944-DB23-4FA2-A9B2-C875C4C0CB6E}
	EndGlobalSection
EndGlobal
